
Microsoft Visual Studio Solution File, Format Version 12.00
# Visual Studio Version 16
VisualStudioVersion = 16.0.31729.503
MinimumVisualStudioVersion = 10.0.40219.1
Project("{FAE04EC0-301F-11D3-BF4B-00C04F79EFBC}") = "CSharp-Chapter-5-QA", "CSharp-Chapter-5-QA\CSharp-Chapter-5-QA.csproj", "{5D53BD6C-7DB9-48A2-99A6-9EE39D447D2A}"
EndProject
Global
	GlobalSection(SolutionConfigurationPlatforms) = preSolution
		Debug|Any CPU = Debug|Any CPU
		Release|Any CPU = Release|Any CPU
	EndGlobalSection
	GlobalSection(ProjectConfigurationPlatforms) = postSolution
		{5D53BD6C-7DB9-48A2-99A6-9EE39D447D2A}.Debug|Any CPU.ActiveCfg = Debug|Any CPU
		{5D53BD6C-7DB9-48A2-99A6-9EE39D447D2A}.Debug|Any CPU.Build.0 = Debug|Any CPU
		{5D53BD6C-7DB9-48A2-99A6-9EE39D447D2A}.Release|Any CPU.ActiveCfg = Release|Any CPU
		{5D53BD6C-7DB9-48A2-99A6-9EE39D447D2A}.Release|Any CPU.Build.0 = Release|Any CPU
	EndGlobalSection
	GlobalSection(SolutionProperties) = preSolution
		HideSolutionNode = FALSE
	EndGlobalSection
	GlobalSection(ExtensibilityGlobals) = postSolution
		SolutionGuid = {2235ED0E-E17E-4934-891E-D82994AE13D3}
	EndGlobalSection
EndGlobal
